
Microsoft Visual Studio Solution File, Format Version 12.00
# Visual Studio Version 17
VisualStudioVersion = 17.13.35913.81
MinimumVisualStudioVersion = 10.0.40219.1
Project("{F184B08F-C81C-45F6-A57F-5ABD9991F28F}") = "Chrome Frog", "Chrome Frog.vbproj", "{54543F54-C599-4316-9CE1-CA4959F06B56}"
EndProject
Project("{2150E333-8FDC-42A3-9474-1A3956D46DE8}") = "Solution Items", "Solution Items", "{8EC462FD-D22E-90A8-E5CE-7E832BA40C5D}"
EndProject
Global
	GlobalSection(SolutionConfigurationPlatforms) = preSolution
		Debug|Any CPU = Debug|Any CPU
		Release|Any CPU = Release|Any CPU
	EndGlobalSection
	GlobalSection(ProjectConfigurationPlatforms) = postSolution
		{54543F54-C599-4316-9CE1-CA4959F06B56}.Debug|Any CPU.ActiveCfg = Debug|Any CPU
		{54543F54-C599-4316-9CE1-CA4959F06B56}.Debug|Any CPU.Build.0 = Debug|Any CPU
		{54543F54-C599-4316-9CE1-CA4959F06B56}.Release|Any CPU.ActiveCfg = Release|Any CPU
		{54543F54-C599-4316-9CE1-CA4959F06B56}.Release|Any CPU.Build.0 = Release|Any CPU
	EndGlobalSection
	GlobalSection(SolutionProperties) = preSolution
		HideSolutionNode = FALSE
	EndGlobalSection
	GlobalSection(ExtensibilityGlobals) = postSolution
		SolutionGuid = {98E3D352-F993-4FC0-8DEE-B151F2FCDB28}
	EndGlobalSection
EndGlobal
